
Microsoft Visual Studio Solution File, Format Version 12.00
# Visual Studio Version 17
VisualStudioVersion = 17.1.32421.90
MinimumVisualStudioVersion = 10.0.40219.1
Project("{2150E333-8FDC-42A3-9474-1A3956D46DE8}") = "03 - Application", "03 - Application", "{812674F1-27D6-4EF0-8B7A-4E202CB688A6}"
EndProject
Project("{2150E333-8FDC-42A3-9474-1A3956D46DE8}") = "04 - Domain", "04 - Domain", "{99599F65-29A6-4120-BD8D-68E40F0A88AE}"
EndProject
Project("{2150E333-8FDC-42A3-9474-1A3956D46DE8}") = "02 - Service", "02 - Service", "{B373E320-D26D-422F-81EB-995FA402661B}"
EndProject
Project("{2150E333-8FDC-42A3-9474-1A3956D46DE8}") = "01 - WebApp", "01 - WebApp", "{70AFEBAE-7D95-4888-9BB0-8ABBA80621CF}"
EndProject
Project("{9A19103F-16F7-4668-BE54-9A1E7A4F7556}") = "B3Teste.Domain", "04 - Domain\B3Teste.Domain\B3Teste.Domain.csproj", "{FFDEDAD8-DC48-4779-8606-8D8C20C88656}"
EndProject
Project("{9A19103F-16F7-4668-BE54-9A1E7A4F7556}") = "B3Teste.Application", "03 - Application\B3Teste.Application\B3Teste.Application.csproj", "{04D4E638-0279-4C74-A005-DA226C0DEAFB}"
EndProject
Project("{9A19103F-16F7-4668-BE54-9A1E7A4F7556}") = "B3Teste.API", "02 - Service\B3Teste.API\B3Teste.API.csproj", "{9E4E3704-ECAA-454A-B35A-C5C09B51F6AA}"
EndProject
Project("{FAE04EC0-301F-11D3-BF4B-00C04F79EFBC}") = "B3Teste.APITests", "02 - Service\B3Teste.APITests\B3Teste.APITests.csproj", "{8BD469B1-1244-40A8-A099-E669394BB446}"
EndProject
Global
	GlobalSection(SolutionConfigurationPlatforms) = preSolution
		Debug|Any CPU = Debug|Any CPU
		Release|Any CPU = Release|Any CPU
	EndGlobalSection
	GlobalSection(ProjectConfigurationPlatforms) = postSolution
		{FFDEDAD8-DC48-4779-8606-8D8C20C88656}.Debug|Any CPU.ActiveCfg = Debug|Any CPU
		{FFDEDAD8-DC48-4779-8606-8D8C20C88656}.Debug|Any CPU.Build.0 = Debug|Any CPU
		{FFDEDAD8-DC48-4779-8606-8D8C20C88656}.Release|Any CPU.ActiveCfg = Release|Any CPU
		{FFDEDAD8-DC48-4779-8606-8D8C20C88656}.Release|Any CPU.Build.0 = Release|Any CPU
		{04D4E638-0279-4C74-A005-DA226C0DEAFB}.Debug|Any CPU.ActiveCfg = Debug|Any CPU
		{04D4E638-0279-4C74-A005-DA226C0DEAFB}.Debug|Any CPU.Build.0 = Debug|Any CPU
		{04D4E638-0279-4C74-A005-DA226C0DEAFB}.Release|Any CPU.ActiveCfg = Release|Any CPU
		{04D4E638-0279-4C74-A005-DA226C0DEAFB}.Release|Any CPU.Build.0 = Release|Any CPU
		{9E4E3704-ECAA-454A-B35A-C5C09B51F6AA}.Debug|Any CPU.ActiveCfg = Debug|Any CPU
		{9E4E3704-ECAA-454A-B35A-C5C09B51F6AA}.Debug|Any CPU.Build.0 = Debug|Any CPU
		{9E4E3704-ECAA-454A-B35A-C5C09B51F6AA}.Release|Any CPU.ActiveCfg = Release|Any CPU
		{9E4E3704-ECAA-454A-B35A-C5C09B51F6AA}.Release|Any CPU.Build.0 = Release|Any CPU
		{8BD469B1-1244-40A8-A099-E669394BB446}.Debug|Any CPU.ActiveCfg = Debug|Any CPU
		{8BD469B1-1244-40A8-A099-E669394BB446}.Debug|Any CPU.Build.0 = Debug|Any CPU
		{8BD469B1-1244-40A8-A099-E669394BB446}.Release|Any CPU.ActiveCfg = Release|Any CPU
		{8BD469B1-1244-40A8-A099-E669394BB446}.Release|Any CPU.Build.0 = Release|Any CPU
	EndGlobalSection
	GlobalSection(SolutionProperties) = preSolution
		HideSolutionNode = FALSE
	EndGlobalSection
	GlobalSection(NestedProjects) = preSolution
		{FFDEDAD8-DC48-4779-8606-8D8C20C88656} = {99599F65-29A6-4120-BD8D-68E40F0A88AE}
		{04D4E638-0279-4C74-A005-DA226C0DEAFB} = {812674F1-27D6-4EF0-8B7A-4E202CB688A6}
		{9E4E3704-ECAA-454A-B35A-C5C09B51F6AA} = {B373E320-D26D-422F-81EB-995FA402661B}
		{8BD469B1-1244-40A8-A099-E669394BB446} = {B373E320-D26D-422F-81EB-995FA402661B}
	EndGlobalSection
	GlobalSection(ExtensibilityGlobals) = postSolution
		SolutionGuid = {AA57C099-86D7-4A28-BE46-BE346B169055}
	EndGlobalSection
EndGlobal
